
Microsoft Visual Studio Solution File, Format Version 12.00
# Visual Studio 15
VisualStudioVersion = 15.0.27703.2000
MinimumVisualStudioVersion = 10.0.40219.1
Project("{FAE04EC0-301F-11D3-BF4B-00C04F79EFBC}") = "Hashing", "Hashing\Hashing.csproj", "{C648B2BF-73EA-4EE8-A80E-34580A52265C}"
EndProject
Global
	GlobalSection(SolutionConfigurationPlatforms) = preSolution
		Debug|Any CPU = Debug|Any CPU
		Release|Any CPU = Release|Any CPU
	EndGlobalSection
	GlobalSection(ProjectConfigurationPlatforms) = postSolution
		{C648B2BF-73EA-4EE8-A80E-34580A52265C}.Debug|Any CPU.ActiveCfg = Debug|Any CPU
		{C648B2BF-73EA-4EE8-A80E-34580A52265C}.Debug|Any CPU.Build.0 = Debug|Any CPU
		{C648B2BF-73EA-4EE8-A80E-34580A52265C}.Release|Any CPU.ActiveCfg = Release|Any CPU
		{C648B2BF-73EA-4EE8-A80E-34580A52265C}.Release|Any CPU.Build.0 = Release|Any CPU
	EndGlobalSection
	GlobalSection(SolutionProperties) = preSolution
		HideSolutionNode = FALSE
	EndGlobalSection
	GlobalSection(ExtensibilityGlobals) = postSolution
		SolutionGuid = {F94B867C-EACE-4C96-89B0-7AB907A16AF5}
	EndGlobalSection
EndGlobal
